
Microsoft Visual Studio Solution File, Format Version 12.00
# Visual Studio Version 16
VisualStudioVersion = 16.0.31205.134
MinimumVisualStudioVersion = 10.0.40219.1
Project("{9A19103F-16F7-4668-BE54-9A1E7A4F7556}") = "BubenBot", "BubenBot.csproj", "{33785580-5ECF-4B87-AC6E-A0CF79924A0F}"
EndProject
Global
	GlobalSection(SolutionConfigurationPlatforms) = preSolution
		Debug|Any CPU = Debug|Any CPU
		Release|Any CPU = Release|Any CPU
	EndGlobalSection
	GlobalSection(ProjectConfigurationPlatforms) = postSolution
		{33785580-5ECF-4B87-AC6E-A0CF79924A0F}.Debug|Any CPU.ActiveCfg = Debug|Any CPU
		{33785580-5ECF-4B87-AC6E-A0CF79924A0F}.Debug|Any CPU.Build.0 = Debug|Any CPU
		{33785580-5ECF-4B87-AC6E-A0CF79924A0F}.Release|Any CPU.ActiveCfg = Release|Any CPU
		{33785580-5ECF-4B87-AC6E-A0CF79924A0F}.Release|Any CPU.Build.0 = Release|Any CPU
	EndGlobalSection
	GlobalSection(SolutionProperties) = preSolution
		HideSolutionNode = FALSE
	EndGlobalSection
	GlobalSection(ExtensibilityGlobals) = postSolution
		SolutionGuid = {BC131710-F287-4885-8CB9-5E914BBDB26D}
	EndGlobalSection
EndGlobal
